
Microsoft Visual Studio Solution File, Format Version 12.00
# Visual Studio Version 17
VisualStudioVersion = 17.9.34723.18
MinimumVisualStudioVersion = 10.0.40219.1
Project("{FAE04EC0-301F-11D3-BF4B-00C04F79EFBC}") = "WalletApp.BLL", "WalletApp.BLL\WalletApp.BLL.csproj", "{C737BA6A-A175-44FB-BA9C-137C4C604B62}"
EndProject
Project("{FAE04EC0-301F-11D3-BF4B-00C04F79EFBC}") = "WalletApp.DAL", "WalletApp.DAL\WalletApp.DAL.csproj", "{7495492B-BC00-465B-9134-BE47E8E03EB3}"
EndProject
Project("{FAE04EC0-301F-11D3-BF4B-00C04F79EFBC}") = "WalletApp.API", "WalletApp.API\WalletApp.API.csproj", "{D21CEAC4-0CB6-44D3-970C-72CFF2EFF28D}"
EndProject
Global
	GlobalSection(SolutionConfigurationPlatforms) = preSolution
		Debug|Any CPU = Debug|Any CPU
		Release|Any CPU = Release|Any CPU
	EndGlobalSection
	GlobalSection(ProjectConfigurationPlatforms) = postSolution
		{C737BA6A-A175-44FB-BA9C-137C4C604B62}.Debug|Any CPU.ActiveCfg = Debug|Any CPU
		{C737BA6A-A175-44FB-BA9C-137C4C604B62}.Debug|Any CPU.Build.0 = Debug|Any CPU
		{C737BA6A-A175-44FB-BA9C-137C4C604B62}.Release|Any CPU.ActiveCfg = Release|Any CPU
		{C737BA6A-A175-44FB-BA9C-137C4C604B62}.Release|Any CPU.Build.0 = Release|Any CPU
		{7495492B-BC00-465B-9134-BE47E8E03EB3}.Debug|Any CPU.ActiveCfg = Debug|Any CPU
		{7495492B-BC00-465B-9134-BE47E8E03EB3}.Debug|Any CPU.Build.0 = Debug|Any CPU
		{7495492B-BC00-465B-9134-BE47E8E03EB3}.Release|Any CPU.ActiveCfg = Release|Any CPU
		{7495492B-BC00-465B-9134-BE47E8E03EB3}.Release|Any CPU.Build.0 = Release|Any CPU
		{D21CEAC4-0CB6-44D3-970C-72CFF2EFF28D}.Debug|Any CPU.ActiveCfg = Debug|Any CPU
		{D21CEAC4-0CB6-44D3-970C-72CFF2EFF28D}.Debug|Any CPU.Build.0 = Debug|Any CPU
		{D21CEAC4-0CB6-44D3-970C-72CFF2EFF28D}.Release|Any CPU.ActiveCfg = Release|Any CPU
		{D21CEAC4-0CB6-44D3-970C-72CFF2EFF28D}.Release|Any CPU.Build.0 = Release|Any CPU
	EndGlobalSection
	GlobalSection(SolutionProperties) = preSolution
		HideSolutionNode = FALSE
	EndGlobalSection
	GlobalSection(ExtensibilityGlobals) = postSolution
		SolutionGuid = {FC0AA20D-A810-40AC-9CD4-F4C1A9CD2B97}
	EndGlobalSection
EndGlobal
